
Microsoft Visual Studio Solution File, Format Version 12.00
# Visual Studio Version 16
VisualStudioVersion = 16.0.31729.503
MinimumVisualStudioVersion = 10.0.40219.1
Project("{9A19103F-16F7-4668-BE54-9A1E7A4F7556}") = "GestionareRegimuri", "GestionareRegimuri\GestionareRegimuri.csproj", "{797C0069-6840-4471-ABFB-D92D298066AD}"
EndProject
Global
	GlobalSection(SolutionConfigurationPlatforms) = preSolution
		Debug|Any CPU = Debug|Any CPU
		Release|Any CPU = Release|Any CPU
	EndGlobalSection
	GlobalSection(ProjectConfigurationPlatforms) = postSolution
		{797C0069-6840-4471-ABFB-D92D298066AD}.Debug|Any CPU.ActiveCfg = Debug|Any CPU
		{797C0069-6840-4471-ABFB-D92D298066AD}.Debug|Any CPU.Build.0 = Debug|Any CPU
		{797C0069-6840-4471-ABFB-D92D298066AD}.Release|Any CPU.ActiveCfg = Release|Any CPU
		{797C0069-6840-4471-ABFB-D92D298066AD}.Release|Any CPU.Build.0 = Release|Any CPU
	EndGlobalSection
	GlobalSection(SolutionProperties) = preSolution
		HideSolutionNode = FALSE
	EndGlobalSection
	GlobalSection(ExtensibilityGlobals) = postSolution
		SolutionGuid = {0E0818EA-BACA-47C0-9126-1C82E9A01BCD}
	EndGlobalSection
EndGlobal
